
Microsoft Visual Studio Solution File, Format Version 12.00
# Visual Studio Version 16
VisualStudioVersion = 16.0.30611.23
MinimumVisualStudioVersion = 10.0.40219.1
Project("{9A19103F-16F7-4668-BE54-9A1E7A4F7556}") = "Scrypt", "Scrypt\Scrypt.csproj", "{85FB37A8-1FAC-409C-8B88-A2DDC5C9B02D}"
EndProject
Project("{9A19103F-16F7-4668-BE54-9A1E7A4F7556}") = "ScryptUnitTests", "ScryptUnitTests\ScryptUnitTests.csproj", "{A7387A88-2329-4C4C-B9EB-28BF6CB9EA49}"
EndProject
Project("{9A19103F-16F7-4668-BE54-9A1E7A4F7556}") = "ConsoleApp", "ConsoleApp\ConsoleApp.csproj", "{4F8D4070-3C30-436F-AEF9-19DB80FC9587}"
EndProject
Project("{9A19103F-16F7-4668-BE54-9A1E7A4F7556}") = "NIST_STS", "NIST_STS\NIST_STS.csproj", "{F0110471-CCF0-428A-BC08-47BD9246123C}"
EndProject
Project("{2150E333-8FDC-42A3-9474-1A3956D46DE8}") = "ScryptLibrary", "ScryptLibrary", "{65638BF8-1E9F-4594-B3BD-0E48E7641778}"
EndProject
Project("{2150E333-8FDC-42A3-9474-1A3956D46DE8}") = "NIST", "NIST", "{9DE670A8-DAB9-4756-B1FB-CECE7AEF5D21}"
EndProject
Project("{9A19103F-16F7-4668-BE54-9A1E7A4F7556}") = "NIST_STSUnitTests", "NIST_STSUnitTests\NIST_STSUnitTests.csproj", "{427403B4-CABB-49F1-9DC1-0BDC775088E6}"
EndProject
Project("{FAE04EC0-301F-11D3-BF4B-00C04F79EFBC}") = "TestScryptOG", "TestScryptOG\TestScryptOG.csproj", "{1B0E3D19-D586-4EF7-AE2C-16931378F93B}"
EndProject
Global
	GlobalSection(SolutionConfigurationPlatforms) = preSolution
		Debug|Any CPU = Debug|Any CPU
		Release|Any CPU = Release|Any CPU
	EndGlobalSection
	GlobalSection(ProjectConfigurationPlatforms) = postSolution
		{85FB37A8-1FAC-409C-8B88-A2DDC5C9B02D}.Debug|Any CPU.ActiveCfg = Debug|Any CPU
		{85FB37A8-1FAC-409C-8B88-A2DDC5C9B02D}.Debug|Any CPU.Build.0 = Debug|Any CPU
		{85FB37A8-1FAC-409C-8B88-A2DDC5C9B02D}.Release|Any CPU.ActiveCfg = Release|Any CPU
		{85FB37A8-1FAC-409C-8B88-A2DDC5C9B02D}.Release|Any CPU.Build.0 = Release|Any CPU
		{A7387A88-2329-4C4C-B9EB-28BF6CB9EA49}.Debug|Any CPU.ActiveCfg = Debug|Any CPU
		{A7387A88-2329-4C4C-B9EB-28BF6CB9EA49}.Debug|Any CPU.Build.0 = Debug|Any CPU
		{A7387A88-2329-4C4C-B9EB-28BF6CB9EA49}.Release|Any CPU.ActiveCfg = Release|Any CPU
		{A7387A88-2329-4C4C-B9EB-28BF6CB9EA49}.Release|Any CPU.Build.0 = Release|Any CPU
		{4F8D4070-3C30-436F-AEF9-19DB80FC9587}.Debug|Any CPU.ActiveCfg = Debug|Any CPU
		{4F8D4070-3C30-436F-AEF9-19DB80FC9587}.Debug|Any CPU.Build.0 = Debug|Any CPU
		{4F8D4070-3C30-436F-AEF9-19DB80FC9587}.Release|Any CPU.ActiveCfg = Release|Any CPU
		{4F8D4070-3C30-436F-AEF9-19DB80FC9587}.Release|Any CPU.Build.0 = Release|Any CPU
		{F0110471-CCF0-428A-BC08-47BD9246123C}.Debug|Any CPU.ActiveCfg = Debug|Any CPU
		{F0110471-CCF0-428A-BC08-47BD9246123C}.Debug|Any CPU.Build.0 = Debug|Any CPU
		{F0110471-CCF0-428A-BC08-47BD9246123C}.Release|Any CPU.ActiveCfg = Release|Any CPU
		{F0110471-CCF0-428A-BC08-47BD9246123C}.Release|Any CPU.Build.0 = Release|Any CPU
		{427403B4-CABB-49F1-9DC1-0BDC775088E6}.Debug|Any CPU.ActiveCfg = Debug|Any CPU
		{427403B4-CABB-49F1-9DC1-0BDC775088E6}.Debug|Any CPU.Build.0 = Debug|Any CPU
		{427403B4-CABB-49F1-9DC1-0BDC775088E6}.Release|Any CPU.ActiveCfg = Release|Any CPU
		{427403B4-CABB-49F1-9DC1-0BDC775088E6}.Release|Any CPU.Build.0 = Release|Any CPU
		{1B0E3D19-D586-4EF7-AE2C-16931378F93B}.Debug|Any CPU.ActiveCfg = Debug|Any CPU
		{1B0E3D19-D586-4EF7-AE2C-16931378F93B}.Debug|Any CPU.Build.0 = Debug|Any CPU
		{1B0E3D19-D586-4EF7-AE2C-16931378F93B}.Release|Any CPU.ActiveCfg = Release|Any CPU
		{1B0E3D19-D586-4EF7-AE2C-16931378F93B}.Release|Any CPU.Build.0 = Release|Any CPU
	EndGlobalSection
	GlobalSection(SolutionProperties) = preSolution
		HideSolutionNode = FALSE
	EndGlobalSection
	GlobalSection(NestedProjects) = preSolution
		{85FB37A8-1FAC-409C-8B88-A2DDC5C9B02D} = {65638BF8-1E9F-4594-B3BD-0E48E7641778}
		{A7387A88-2329-4C4C-B9EB-28BF6CB9EA49} = {65638BF8-1E9F-4594-B3BD-0E48E7641778}
		{4F8D4070-3C30-436F-AEF9-19DB80FC9587} = {65638BF8-1E9F-4594-B3BD-0E48E7641778}
		{F0110471-CCF0-428A-BC08-47BD9246123C} = {9DE670A8-DAB9-4756-B1FB-CECE7AEF5D21}
		{427403B4-CABB-49F1-9DC1-0BDC775088E6} = {9DE670A8-DAB9-4756-B1FB-CECE7AEF5D21}
		{1B0E3D19-D586-4EF7-AE2C-16931378F93B} = {9DE670A8-DAB9-4756-B1FB-CECE7AEF5D21}
	EndGlobalSection
	GlobalSection(ExtensibilityGlobals) = postSolution
		SolutionGuid = {9C76E302-82E5-4774-9F48-D7408D8B3B53}
	EndGlobalSection
EndGlobal
